github.com/davecgh/go-spew v1.1.1 h1:vj9j/u1bqnvCEfJOwUhtlOARqs3+rkHYY13jYWTU97c=
github.com/davecgh/go-spew v1.1.1/go.mod h1:J7Y8YcW2NihsgmVo/mv3lAwl/skON4iLHjSsI+c5H38=
github.com/francoispqt/gojay v0.0.0-20181220093123-f2cc13a668ca h1:F2BD6Vhei4w0rtm4eNpzylNsB07CcCbpYA+xlqMx3mA=
github.com/francoispqt/gojay v0.0.0-20181220093123-f2cc13a668ca/go.mod h1:H8Wgri1Asi1VevY3ySdpIK5+KCpqzToVswNq8g2xZj4=
github.com/francoispqt/onelog v0.0.0-20190306043706-8c2bb31b10a4 h1:N9eG+1y9e3tnNPXKjssLMa8MumIBDWWoJQWM7htGWUc=
github.com/francoispqt/onelog v0.0.0-20190306043706-8c2bb31b10a4/go.mod h1:v1Il1fkBpjiYPpEJcGxqgrPUPcHuTC7eHh9zBV3CLBE=
github.com/kubewarden/k8s-objects v1.29.0-kw1 h1:bVQ2WL1ROqApYmHQJ/yxrs3tssfzzalblE2txChcHxY=
github.com/kubewarden/k8s-objects v1.29.0-kw1/go.mod h1:EMF+Hr26oDR4yQkWJAQpl0M0Ek5ioNXlCswjGZO0G2U=
github.com/kubewarden/policy-sdk-go v0.6.0 h1:f7RL+hkcjt1g5/4JmUU+itzsdMNs5rFJT7ISJtSAB9g=
github.com/kubewarden/policy-sdk-go v0.6.0/go.mod h1:C8sUX4FYhbP69cvQfPLmIvAJhVHQyg1qaq9EynOn8a0=
github.com/kubewarden/policy-sdk-go v0.7.0 h1:quNOrqtZRgLHpknoIWl0yDWDK8xJ/hDtP8M40HVDPmc=
github.com/kubewarden/policy-sdk-go v0.7.0/go.mod h1:wq/jwnVOpSaETu/n9DW0ePbeoUdoqYTEzlNKmZGaPIM=
github.com/kubewarden/policy-sdk-go v0.8.0 h1:4SR6UeKLBQ+UkwohuMqYw2lPKgqgF5Ifdw7tFNjQwiI=
github.com/kubewarden/policy-sdk-go v0.8.0/go.mod h1:gjYdcErABXti/dxoNW2PceSwy4+/X+o/wuLwWHZCoNU=
github.com/kubewarden/policy-sdk-go v0.9.0 h1:tS9aMtjkUj04WJ0xjO3o0jSGvtj/T8rGr4mn3DPx5Fo=
github.com/kubewarden/policy-sdk-go v0.9.0/go.mod h1:4Yg/Wpxnt7p4Ps68hBfnK8qoGURM5MJaq67Kjao2smY=
github.com/kubewarden/policy-sdk-go v0.9.1 h1:ogO4Eq6/HEiVk0gnX+RNxFV71ICpf56kHjSqVjGtCDE=
github.com/kubewarden/policy-sdk-go v0.9.1/go.mod h1:4Yg/Wpxnt7p4Ps68hBfnK8qoGURM5MJaq67Kjao2smY=
github.com/kubewarden/policy-sdk-go v0.11.0 h1:qW2UqARixH2r8KyitSistiAg0Ex0LA+HJr/xaBwiDcg=
github.com/kubewarden/policy-sdk-go v0.11.0/go.mod h1:4Yg/Wpxnt7p4Ps68hBfnK8qoGURM5MJaq67Kjao2smY=
github.com/kubewarden/strfmt v0.1.3 h1:bb+2rbotioROjCkziSt+hqnHXzOlumN94NxDKdV2kPI=
github.com/kubewarden/strfmt v0.1.3/go.mod h1:DXoaaIYwqW1LyyRoMeyxfHUU+VUSTNFdj38juCXfRzs=
github.com/pmezard/go-difflib v1.0.0 h1:4DBwDE0NGyQoBHbLQYPwSUPoCMWR5BEzIk/f1lZbAQM=
github.com/pmezard/go-difflib v1.0.0/go.mod h1:iKH77koFhYxTK1pcRnkKkqfTogsbg7gZNVY4sRDYZ/4=
github.com/stretchr/testify v1.2.2/go.mod h1:a8OnRcib4nhh0OaRAV+Yts87kKdq0PP7pXfy6kDkUVs=
github.com/stretchr/testify v1.8.4 h1:CcVxjf3Q8PM0mHUKJCdn+eZZtm5yQwehR5yeSVQQcUk=
github.com/wapc/wapc-guest-tinygo v0.3.3 h1:jLebiwjVSHLGnS+BRabQ6+XOV7oihVWAc05Hf1SbeR0=
github.com/wapc/wapc-guest-tinygo v0.3.3/go.mod h1:mzM3CnsdSYktfPkaBdZ8v88ZlfUDEy5Jh5XBOV3fYcw=
gopkg.in/yaml.v3 v3.0.1 h1:fxVm/GzAzEWqLHuvctI91KS9hhNmmWOoWu0XTYJS7CA=
