github.com/davecgh/go-spew v1.1.1 h1:vj9j/u1bqnvCEfJOwUhtlOARqs3+rkHYY13jYWTU97c=
github.com/davecgh/go-spew v1.1.1/go.mod h1:J7Y8YcW2NihsgmVo/mv3lAwl/skON4iLHjSsI+c5H38=
github.com/francoispqt/gojay v0.0.0-20181220093123-f2cc13a668ca h1:F2BD6Vhei4w0rtm4eNpzylNsB07CcCbpYA+xlqMx3mA=
github.com/francoispqt/gojay v0.0.0-20181220093123-f2cc13a668ca/go.mod h1:H8Wgri1Asi1VevY3ySdpIK5+KCpqzToVswNq8g2xZj4=
github.com/francoispqt/onelog v0.0.0-20190306043706-8c2bb31b10a4 h1:N9eG+1y9e3tnNPXKjssLMa8MumIBDWWoJQWM7htGWUc=
github.com/francoispqt/onelog v0.0.0-20190306043706-8c2bb31b10a4/go.mod h1:v1Il1fkBpjiYPpEJcGxqgrPUPcHuTC7eHh9zBV3CLBE=
github.com/josharian/intern v1.0.0 h1:vlS4z54oSdjm0bgjRigI+G1HpF+tI+9rE5LLzOg8HmY=
github.com/josharian/intern v1.0.0/go.mod h1:5DoeVV0s6jJacbCEi61lwdGj/aVlrQvzHFFd8Hwg//Y=
github.com/kubewarden/k8s-objects v1.26.0-kw1 h1:MMnU8HNAJZTRl4Kl7ZrjsvMCnFbXEpUd4ZTtikNyh8c=
github.com/kubewarden/k8s-objects v1.26.0-kw1/go.mod h1:IuIHLG1JtxjC1JnY7SyEEA9MukCh/FACcwpzaBjgdLQ=
github.com/kubewarden/k8s-objects v1.26.0-kw2 h1:m0zIlifROK3vAy5zR90qRXdCPWQGJUuqagxHA5Bf+Bo=
github.com/kubewarden/k8s-objects v1.26.0-kw2/go.mod h1:IuIHLG1JtxjC1JnY7SyEEA9MukCh/FACcwpzaBjgdLQ=
github.com/kubewarden/policy-sdk-go v0.3.0 h1:5WqhrC3eJP+gRti14d4vCyXCITeM95X4hob6QA96eX8=
github.com/kubewarden/policy-sdk-go v0.3.0/go.mod h1:zJLxhZkoFVKOlHJ3mlbG8qTCvVbkZprZ7odVwVsunUo=
github.com/kubewarden/policy-sdk-go v0.4.0 h1:qxYHarQ3fHD90QErZEjXRzErEOXLQVtTYKmtyv0rtMQ=
github.com/kubewarden/policy-sdk-go v0.4.0/go.mod h1:pY1FrcuGdhnzzN31wNieAimI4+7rYWbtkP+tYGna0Ug=
github.com/kubewarden/strfmt v0.1.2 h1:S0YUVkPeyUMikz8QssbMzfd1MC5K8ZqxLI2zfF8euMs=
github.com/kubewarden/strfmt v0.1.2/go.mod h1:sqLlis8qlm4A4pnZsRyRjNxyH86fiM+7Ee7bO+uJk94=
github.com/mailru/easyjson v0.7.7 h1:UGYAvKxe3sBsEDzO8ZeWOSlIQfWFlxbzLZe7hwFURr0=
github.com/mailru/easyjson v0.7.7/go.mod h1:xzfreul335JAWq5oZzymOObrkdz5UnU4kGfJJLY9Nlc=
github.com/pmezard/go-difflib v1.0.0 h1:4DBwDE0NGyQoBHbLQYPwSUPoCMWR5BEzIk/f1lZbAQM=
github.com/pmezard/go-difflib v1.0.0/go.mod h1:iKH77koFhYxTK1pcRnkKkqfTogsbg7gZNVY4sRDYZ/4=
github.com/stretchr/testify v1.2.2 h1:bSDNvY7ZPG5RlJ8otE/7V6gMiyenm9RtJ7IUVIAoJ1w=
github.com/stretchr/testify v1.2.2/go.mod h1:a8OnRcib4nhh0OaRAV+Yts87kKdq0PP7pXfy6kDkUVs=
github.com/wapc/wapc-guest-tinygo v0.3.3 h1:jLebiwjVSHLGnS+BRabQ6+XOV7oihVWAc05Hf1SbeR0=
github.com/wapc/wapc-guest-tinygo v0.3.3/go.mod h1:mzM3CnsdSYktfPkaBdZ8v88ZlfUDEy5Jh5XBOV3fYcw=
